// !$*UTF8*$!
{
	archiveVersion = 1;
	classes = {
	};
	objectVersion = 77;
	objects = {

/* Begin PBXContainerItemProxy section */
		98BD01B02DE4D123001843C2 /* PBXContainerItemProxy */ = {
			isa = PBXContainerItemProxy;
			containerPortal = 98BD01972DE4D121001843C2 /* Project object */;
			proxyType = 1;
			remoteGlobalIDString = 98BD019E2DE4D121001843C2;
			remoteInfo = GaleriaArtistasCuritibanosUI;
		};
		98BD01BA2DE4D123001843C2 /* PBXContainerItemProxy */ = {
			isa = PBXContainerItemProxy;
			containerPortal = 98BD01972DE4D121001843C2 /* Project object */;
			proxyType = 1;
			remoteGlobalIDString = 98BD019E2DE4D121001843C2;
			remoteInfo = GaleriaArtistasCuritibanosUI;
		};
/* End PBXContainerItemProxy section */

/* Begin PBXFileReference section */
		98BD019F2DE4D121001843C2 /* GaleriaArtistasCuritibanosUI.app */ = {isa = PBXFileReference; explicitFileType = wrapper.application; includeInIndex = 0; path = GaleriaArtistasCuritibanosUI.app; sourceTree = BUILT_PRODUCTS_DIR; };
		98BD01AF2DE4D123001843C2 /* GaleriaArtistasCuritibanosUITests.xctest */ = {isa = PBXFileReference; explicitFileType = wrapper.cfbundle; includeInIndex = 0; path = GaleriaArtistasCuritibanosUITests.xctest; sourceTree = BUILT_PRODUCTS_DIR; };
		98BD01B92DE4D123001843C2 /* GaleriaArtistasCuritibanosUIUITests.xctest */ = {isa = PBXFileReference; explicitFileType = wrapper.cfbundle; includeInIndex = 0; path = GaleriaArtistasCuritibanosUIUITests.xctest; sourceTree = BUILT_PRODUCTS_DIR; };
/* End PBXFileReference section */

/* Begin PBXFileSystemSynchronizedRootGroup section */
		98BD01A12DE4D121001843C2 /* GaleriaArtistasCuritibanosUI */ = {
			isa = PBXFileSystemSynchronizedRootGroup;
			path = GaleriaArtistasCuritibanosUI;
			sourceTree = "<group>";
		};
		98BD01B22DE4D123001843C2 /* GaleriaArtistasCuritibanosUITests */ = {
			isa = PBXFileSystemSynchronizedRootGroup;
			path = GaleriaArtistasCuritibanosUITests;
			sourceTree = "<group>";
		};
		98BD01BC2DE4D123001843C2 /* GaleriaArtistasCuritibanosUIUITests */ = {
			isa = PBXFileSystemSynchronizedRootGroup;
			path = GaleriaArtistasCuritibanosUIUITests;
			sourceTree = "<group>";
		};
/* End PBXFileSystemSynchronizedRootGroup section */

/* Begin PBXFrameworksBuildPhase section */
		98BD019C2DE4D121001843C2 /* Frameworks */ = {
			isa = PBXFrameworksBuildPhase;
			buildActionMask = 2147483647;
			files = (
			);
			runOnlyForDeploymentPostprocessing = 0;
		};
		98BD01AC2DE4D123001843C2 /* Frameworks */ = {
			isa = PBXFrameworksBuildPhase;
			buildActionMask = 2147483647;
			files = (
			);
			runOnlyForDeploymentPostprocessing = 0;
		};
		98BD01B62DE4D123001843C2 /* Frameworks */ = {
			isa = PBXFrameworksBuildPhase;
			buildActionMask = 2147483647;
			files = (
			);
			runOnlyForDeploymentPostprocessing = 0;
		};
/* End PBXFrameworksBuildPhase section */

/* Begin PBXGroup section */
		98BD01962DE4D121001843C2 = {
			isa = PBXGroup;
			children = (
				98BD01A12DE4D121001843C2 /* GaleriaArtistasCuritibanosUI */,
				98BD01B22DE4D123001843C2 /* GaleriaArtistasCuritibanosUITests */,
				98BD01BC2DE4D123001843C2 /* GaleriaArtistasCuritibanosUIUITests */,
				98BD01A02DE4D121001843C2 /* Products */,
			);
			sourceTree = "<group>";
		};
		98BD01A02DE4D121001843C2 /* Products */ = {
			isa = PBXGroup;
			children = (
				98BD019F2DE4D121001843C2 /* GaleriaArtistasCuritibanosUI.app */,
				98BD01AF2DE4D123001843C2 /* GaleriaArtistasCuritibanosUITests.xctest */,
				98BD01B92DE4D123001843C2 /* GaleriaArtistasCuritibanosUIUITests.xctest */,
			);
			name = Products;
			sourceTree = "<group>";
		};
/* End PBXGroup section */

/* Begin PBXNativeTarget section */
		98BD019E2DE4D121001843C2 /* GaleriaArtistasCuritibanosUI */ = {
			isa = PBXNativeTarget;
			buildConfigurationList = 98BD01C32DE4D123001843C2 /* Build configuration list for PBXNativeTarget "GaleriaArtistasCuritibanosUI" */;
			buildPhases = (
				98BD019B2DE4D121001843C2 /* Sources */,
				98BD019C2DE4D121001843C2 /* Frameworks */,
				98BD019D2DE4D121001843C2 /* Resources */,
			);
			buildRules = (
			);
			dependencies = (
			);
			fileSystemSynchronizedGroups = (
				98BD01A12DE4D121001843C2 /* GaleriaArtistasCuritibanosUI */,
			);
			name = GaleriaArtistasCuritibanosUI;
			packageProductDependencies = (
			);
			productName = GaleriaArtistasCuritibanosUI;
			productReference = 98BD019F2DE4D121001843C2 /* GaleriaArtistasCuritibanosUI.app */;
			productType = "com.apple.product-type.application";
		};
		98BD01AE2DE4D123001843C2 /* GaleriaArtistasCuritibanosUITests */ = {
			isa = PBXNativeTarget;
			buildConfigurationList = 98BD01C62DE4D123001843C2 /* Build configuration list for PBXNativeTarget "GaleriaArtistasCuritibanosUITests" */;
			buildPhases = (
				98BD01AB2DE4D123001843C2 /* Sources */,
				98BD01AC2DE4D123001843C2 /* Frameworks */,
				98BD01AD2DE4D123001843C2 /* Resources */,
			);
			buildRules = (
			);
			dependencies = (
				98BD01B12DE4D123001843C2 /* PBXTargetDependency */,
			);
			fileSystemSynchronizedGroups = (
				98BD01B22DE4D123001843C2 /* GaleriaArtistasCuritibanosUITests */,
			);
			name = GaleriaArtistasCuritibanosUITests;
			packageProductDependencies = (
			);
			productName = GaleriaArtistasCuritibanosUITests;
			productReference = 98BD01AF2DE4D123001843C2 /* GaleriaArtistasCuritibanosUITests.xctest */;
			productType = "com.apple.product-type.bundle.unit-test";
		};
		98BD01B82DE4D123001843C2 /* GaleriaArtistasCuritibanosUIUITests */ = {
			isa = PBXNativeTarget;
			buildConfigurationList = 98BD01C92DE4D123001843C2 /* Build configuration list for PBXNativeTarget "GaleriaArtistasCuritibanosUIUITests" */;
			buildPhases = (
				98BD01B52DE4D123001843C2 /* Sources */,
				98BD01B62DE4D123001843C2 /* Frameworks */,
				98BD01B72DE4D123001843C2 /* Resources */,
			);
			buildRules = (
			);
			dependencies = (
				98BD01BB2DE4D123001843C2 /* PBXTargetDependency */,
			);
			fileSystemSynchronizedGroups = (
				98BD01BC2DE4D123001843C2 /* GaleriaArtistasCuritibanosUIUITests */,
			);
			name = GaleriaArtistasCuritibanosUIUITests;
			packageProductDependencies = (
			);
			productName = GaleriaArtistasCuritibanosUIUITests;
			productReference = 98BD01B92DE4D123001843C2 /* GaleriaArtistasCuritibanosUIUITests.xctest */;
			productType = "com.apple.product-type.bundle.ui-testing";
		};
/* End PBXNativeTarget section */

/* Begin PBXProject section */
		98BD01972DE4D121001843C2 /* Project object */ = {
			isa = PBXProject;
			attributes = {
				BuildIndependentTargetsInParallel = 1;
				LastSwiftUpdateCheck = 1620;
				LastUpgradeCheck = 1620;
				TargetAttributes = {
					98BD019E2DE4D121001843C2 = {
						CreatedOnToolsVersion = 16.2;
					};
					98BD01AE2DE4D123001843C2 = {
						CreatedOnToolsVersion = 16.2;
						TestTargetID = 98BD019E2DE4D121001843C2;
					};
					98BD01B82DE4D123001843C2 = {
						CreatedOnToolsVersion = 16.2;
						TestTargetID = 98BD019E2DE4D121001843C2;
					};
				};
			};
			buildConfigurationList = 98BD019A2DE4D121001843C2 /* Build configuration list for PBXProject "GaleriaArtistasCuritibanosUI" */;
			developmentRegion = en;
			hasScannedForEncodings = 0;
			knownRegions = (
				en,
				Base,
			);
			mainGroup = 98BD01962DE4D121001843C2;
			minimizedProjectReferenceProxies = 1;
			preferredProjectObjectVersion = 77;
			productRefGroup = 98BD01A02DE4D121001843C2 /* Products */;
			projectDirPath = "";
			projectRoot = "";
			targets = (
				98BD019E2DE4D121001843C2 /* GaleriaArtistasCuritibanosUI */,
				98BD01AE2DE4D123001843C2 /* GaleriaArtistasCuritibanosUITests */,
				98BD01B82DE4D123001843C2 /* GaleriaArtistasCuritibanosUIUITests */,
			);
		};
/* End PBXProject section */

/* Begin PBXResourcesBuildPhase section */
		98BD019D2DE4D121001843C2 /* Resources */ = {
			isa = PBXResourcesBuildPhase;
			buildActionMask = 2147483647;
			files = (
			);
			runOnlyForDeploymentPostprocessing = 0;
		};
		98BD01AD2DE4D123001843C2 /* Resources */ = {
			isa = PBXResourcesBuildPhase;
			buildActionMask = 2147483647;
			files = (
			);
			runOnlyForDeploymentPostprocessing = 0;
		};
		98BD01B72DE4D123001843C2 /* Resources */ = {
			isa = PBXResourcesBuildPhase;
			buildActionMask = 2147483647;
			files = (
			);
			runOnlyForDeploymentPostprocessing = 0;
		};
/* End PBXResourcesBuildPhase section */

/* Begin PBXSourcesBuildPhase section */
		98BD019B2DE4D121001843C2 /* Sources */ = {
			isa = PBXSourcesBuildPhase;
			buildActionMask = 2147483647;
			files = (
			);
			runOnlyForDeploymentPostprocessing = 0;
		};
		98BD01AB2DE4D123001843C2 /* Sources */ = {
			isa = PBXSourcesBuildPhase;
			buildActionMask = 2147483647;
			files = (
			);
			runOnlyForDeploymentPostprocessing = 0;
		};
		98BD01B52DE4D123001843C2 /* Sources */ = {
			isa = PBXSourcesBuildPhase;
			buildActionMask = 2147483647;
			files = (
			);
			runOnlyForDeploymentPostprocessing = 0;
		};
/* End PBXSourcesBuildPhase section */

/* Begin PBXTargetDependency section */
		98BD01B12DE4D123001843C2 /* PBXTargetDependency */ = {
			isa = PBXTargetDependency;
			target = 98BD019E2DE4D121001843C2 /* GaleriaArtistasCuritibanosUI */;
			targetProxy = 98BD01B02DE4D123001843C2 /* PBXContainerItemProxy */;
		};
		98BD01BB2DE4D123001843C2 /* PBXTargetDependency */ = {
			isa = PBXTargetDependency;
			target = 98BD019E2DE4D121001843C2 /* GaleriaArtistasCuritibanosUI */;
			targetProxy = 98BD01BA2DE4D123001843C2 /* PBXContainerItemProxy */;
		};
/* End PBXTargetDependency section */

/* Begin XCBuildConfiguration section */
		98BD01C12DE4D123001843C2 /* Debug */ = {
			isa = XCBuildConfiguration;
			buildSettings = {
				ALWAYS_SEARCH_USER_PATHS = NO;
				ASSETCATALOG_COMPILER_GENERATE_SWIFT_ASSET_SYMBOL_EXTENSIONS = YES;
				CLANG_ANALYZER_NONNULL = YES;
				CLANG_ANALYZER_NUMBER_OBJECT_CONVERSION = YES_AGGRESSIVE;
				CLANG_CXX_LANGUAGE_STANDARD = "gnu++20";
				CLANG_ENABLE_MODULES = YES;
				CLANG_ENABLE_OBJC_ARC = YES;
				CLANG_ENABLE_OBJC_WEAK = YES;
				CLANG_WARN_BLOCK_CAPTURE_AUTORELEASING = YES;
				CLANG_WARN_BOOL_CONVERSION = YES;
				CLANG_WARN_COMMA = YES;
				CLANG_WARN_CONSTANT_CONVERSION = YES;
				CLANG_WARN_DEPRECATED_OBJC_IMPLEMENTATIONS = YES;
				CLANG_WARN_DIRECT_OBJC_ISA_USAGE = YES_ERROR;
				CLANG_WARN_DOCUMENTATION_COMMENTS = YES;
				CLANG_WARN_EMPTY_BODY = YES;
				CLANG_WARN_ENUM_CONVERSION = YES;
				CLANG_WARN_INFINITE_RECURSION = YES;
				CLANG_WARN_INT_CONVERSION = YES;
				CLANG_WARN_NON_LITERAL_NULL_CONVERSION = YES;
				CLANG_WARN_OBJC_IMPLICIT_RETAIN_SELF = YES;
				CLANG_WARN_OBJC_LITERAL_CONVERSION = YES;
				CLANG_WARN_OBJC_ROOT_CLASS = YES_ERROR;
				CLANG_WARN_QUOTED_INCLUDE_IN_FRAMEWORK_HEADER = YES;
				CLANG_WARN_RANGE_LOOP_ANALYSIS = YES;
				CLANG_WARN_STRICT_PROTOTYPES = YES;
				CLANG_WARN_SUSPICIOUS_MOVE = YES;
				CLANG_WARN_UNGUARDED_AVAILABILITY = YES_AGGRESSIVE;
				CLANG_WARN_UNREACHABLE_CODE = YES;
				CLANG_WARN__DUPLICATE_METHOD_MATCH = YES;
				COPY_PHASE_STRIP = NO;
				DEBUG_INFORMATION_FORMAT = dwarf;
				ENABLE_STRICT_OBJC_MSGSEND = YES;
				ENABLE_TESTABILITY = YES;
				ENABLE_USER_SCRIPT_SANDBOXING = YES;
				GCC_C_LANGUAGE_STANDARD = gnu17;
				GCC_DYNAMIC_NO_PIC = NO;
				GCC_NO_COMMON_BLOCKS = YES;
				GCC_OPTIMIZATION_LEVEL = 0;
				GCC_PREPROCESSOR_DEFINITIONS = (
					"DEBUG=1",
					"$(inherited)",
				);
				GCC_WARN_64_TO_32_BIT_CONVERSION = YES;
				GCC_WARN_ABOUT_RETURN_TYPE = YES_ERROR;
				GCC_WARN_UNDECLARED_SELECTOR = YES;
				GCC_WARN_UNINITIALIZED_AUTOS = YES_AGGRESSIVE;
				GCC_WARN_UNUSED_FUNCTION = YES;
				GCC_WARN_UNUSED_VARIABLE = YES;
				IPHONEOS_DEPLOYMENT_TARGET = 18.2;
				LOCALIZATION_PREFERS_STRING_CATALOGS = YES;
				MTL_ENABLE_DEBUG_INFO = INCLUDE_SOURCE;
				MTL_FAST_MATH = YES;
				ONLY_ACTIVE_ARCH = YES;
				SDKROOT = iphoneos;
				SWIFT_ACTIVE_COMPILATION_CONDITIONS = "DEBUG $(inherited)";
				SWIFT_OPTIMIZATION_LEVEL = "-Onone";
			};
			name = Debug;
		};
		98BD01C22DE4D123001843C2 /* Release */ = {
			isa = XCBuildConfiguration;
			buildSettings = {
				ALWAYS_SEARCH_USER_PATHS = NO;
				ASSETCATALOG_COMPILER_GENERATE_SWIFT_ASSET_SYMBOL_EXTENSIONS = YES;
				CLANG_ANALYZER_NONNULL = YES;
				CLANG_ANALYZER_NUMBER_OBJECT_CONVERSION = YES_AGGRESSIVE;
				CLANG_CXX_LANGUAGE_STANDARD = "gnu++20";
				CLANG_ENABLE_MODULES = YES;
				CLANG_ENABLE_OBJC_ARC = YES;
				CLANG_ENABLE_OBJC_WEAK = YES;
				CLANG_WARN_BLOCK_CAPTURE_AUTORELEASING = YES;
				CLANG_WARN_BOOL_CONVERSION = YES;
				CLANG_WARN_COMMA = YES;
				CLANG_WARN_CONSTANT_CONVERSION = YES;
				CLANG_WARN_DEPRECATED_OBJC_IMPLEMENTATIONS = YES;
				CLANG_WARN_DIRECT_OBJC_ISA_USAGE = YES_ERROR;
				CLANG_WARN_DOCUMENTATION_COMMENTS = YES;
				CLANG_WARN_EMPTY_BODY = YES;
				CLANG_WARN_ENUM_CONVERSION = YES;
				CLANG_WARN_INFINITE_RECURSION = YES;
				CLANG_WARN_INT_CONVERSION = YES;
				CLANG_WARN_NON_LITERAL_NULL_CONVERSION = YES;
				CLANG_WARN_OBJC_IMPLICIT_RETAIN_SELF = YES;
				CLANG_WARN_OBJC_LITERAL_CONVERSION = YES;
				CLANG_WARN_OBJC_ROOT_CLASS = YES_ERROR;
				CLANG_WARN_QUOTED_INCLUDE_IN_FRAMEWORK_HEADER = YES;
				CLANG_WARN_RANGE_LOOP_ANALYSIS = YES;
				CLANG_WARN_STRICT_PROTOTYPES = YES;
				CLANG_WARN_SUSPICIOUS_MOVE = YES;
				CLANG_WARN_UNGUARDED_AVAILABILITY = YES_AGGRESSIVE;
				CLANG_WARN_UNREACHABLE_CODE = YES;
				CLANG_WARN__DUPLICATE_METHOD_MATCH = YES;
				COPY_PHASE_STRIP = NO;
				DEBUG_INFORMATION_FORMAT = "dwarf-with-dsym";
				ENABLE_NS_ASSERTIONS = NO;
				ENABLE_STRICT_OBJC_MSGSEND = YES;
				ENABLE_USER_SCRIPT_SANDBOXING = YES;
				GCC_C_LANGUAGE_STANDARD = gnu17;
				GCC_NO_COMMON_BLOCKS = YES;
				GCC_WARN_64_TO_32_BIT_CONVERSION = YES;
				GCC_WARN_ABOUT_RETURN_TYPE = YES_ERROR;
				GCC_WARN_UNDECLARED_SELECTOR = YES;
				GCC_WARN_UNINITIALIZED_AUTOS = YES_AGGRESSIVE;
				GCC_WARN_UNUSED_FUNCTION = YES;
				GCC_WARN_UNUSED_VARIABLE = YES;
				IPHONEOS_DEPLOYMENT_TARGET = 18.2;
				LOCALIZATION_PREFERS_STRING_CATALOGS = YES;
				MTL_ENABLE_DEBUG_INFO = NO;
				MTL_FAST_MATH = YES;
				SDKROOT = iphoneos;
				SWIFT_COMPILATION_MODE = wholemodule;
				VALIDATE_PRODUCT = YES;
			};
			name = Release;
		};
		98BD01C42DE4D123001843C2 /* Debug */ = {
			isa = XCBuildConfiguration;
			buildSettings = {
				ASSETCATALOG_COMPILER_APPICON_NAME = AppIcon;
				ASSETCATALOG_COMPILER_GLOBAL_ACCENT_COLOR_NAME = AccentColor;
				CODE_SIGN_STYLE = Automatic;
				CURRENT_PROJECT_VERSION = 1;
				DEVELOPMENT_ASSET_PATHS = "\"GaleriaArtistasCuritibanosUI/Preview Content\"";
				ENABLE_PREVIEWS = YES;
				GENERATE_INFOPLIST_FILE = YES;
				INFOPLIST_KEY_UIApplicationSceneManifest_Generation = YES;
				INFOPLIST_KEY_UIApplicationSupportsIndirectInputEvents = YES;
				INFOPLIST_KEY_UILaunchScreen_Generation = YES;
				INFOPLIST_KEY_UISupportedInterfaceOrientations_iPad = "UIInterfaceOrientationPortrait UIInterfaceOrientationPortraitUpsideDown UIInterfaceOrientationLandscapeLeft UIInterfaceOrientationLandscapeRight";
				INFOPLIST_KEY_UISupportedInterfaceOrientations_iPhone = "UIInterfaceOrientationPortrait UIInterfaceOrientationLandscapeLeft UIInterfaceOrientationLandscapeRight";
				LD_RUNPATH_SEARCH_PATHS = (
					"$(inherited)",
					"@executable_path/Frameworks",
				);
				MARKETING_VERSION = 1.0;
				PRODUCT_BUNDLE_IDENTIFIER = com.purpr.GaleriaArtistasCuritibanosUI;
				PRODUCT_NAME = "$(TARGET_NAME)";
				SWIFT_EMIT_LOC_STRINGS = YES;
				SWIFT_VERSION = 5.0;
				TARGETED_DEVICE_FAMILY = "1,2";
			};
			name = Debug;
		};
		98BD01C52DE4D123001843C2 /* Release */ = {
			isa = XCBuildConfiguration;
			buildSettings = {
				ASSETCATALOG_COMPILER_APPICON_NAME = AppIcon;
				ASSETCATALOG_COMPILER_GLOBAL_ACCENT_COLOR_NAME = AccentColor;
				CODE_SIGN_STYLE = Automatic;
				CURRENT_PROJECT_VERSION = 1;
				DEVELOPMENT_ASSET_PATHS = "\"GaleriaArtistasCuritibanosUI/Preview Content\"";
				ENABLE_PREVIEWS = YES;
				GENERATE_INFOPLIST_FILE = YES;
				INFOPLIST_KEY_UIApplicationSceneManifest_Generation = YES;
				INFOPLIST_KEY_UIApplicationSupportsIndirectInputEvents = YES;
				INFOPLIST_KEY_UILaunchScreen_Generation = YES;
				INFOPLIST_KEY_UISupportedInterfaceOrientations_iPad = "UIInterfaceOrientationPortrait UIInterfaceOrientationPortraitUpsideDown UIInterfaceOrientationLandscapeLeft UIInterfaceOrientationLandscapeRight";
				INFOPLIST_KEY_UISupportedInterfaceOrientations_iPhone = "UIInterfaceOrientationPortrait UIInterfaceOrientationLandscapeLeft UIInterfaceOrientationLandscapeRight";
				LD_RUNPATH_SEARCH_PATHS = (
					"$(inherited)",
					"@executable_path/Frameworks",
				);
				MARKETING_VERSION = 1.0;
				PRODUCT_BUNDLE_IDENTIFIER = com.purpr.GaleriaArtistasCuritibanosUI;
				PRODUCT_NAME = "$(TARGET_NAME)";
				SWIFT_EMIT_LOC_STRINGS = YES;
				SWIFT_VERSION = 5.0;
				TARGETED_DEVICE_FAMILY = "1,2";
			};
			name = Release;
		};
		98BD01C72DE4D123001843C2 /* Debug */ = {
			isa = XCBuildConfiguration;
			buildSettings = {
				BUNDLE_LOADER = "$(TEST_HOST)";
				CODE_SIGN_STYLE = Automatic;
				CURRENT_PROJECT_VERSION = 1;
				GENERATE_INFOPLIST_FILE = YES;
				IPHONEOS_DEPLOYMENT_TARGET = 18.2;
				MARKETING_VERSION = 1.0;
				PRODUCT_BUNDLE_IDENTIFIER = com.purpr.GaleriaArtistasCuritibanosUITests;
				PRODUCT_NAME = "$(TARGET_NAME)";
				SWIFT_EMIT_LOC_STRINGS = NO;
				SWIFT_VERSION = 5.0;
				TARGETED_DEVICE_FAMILY = "1,2";
				TEST_HOST = "$(BUILT_PRODUCTS_DIR)/GaleriaArtistasCuritibanosUI.app/$(BUNDLE_EXECUTABLE_FOLDER_PATH)/GaleriaArtistasCuritibanosUI";
			};
			name = Debug;
		};
		98BD01C82DE4D123001843C2 /* Release */ = {
			isa = XCBuildConfiguration;
			buildSettings = {
				BUNDLE_LOADER = "$(TEST_HOST)";
				CODE_SIGN_STYLE = Automatic;
				CURRENT_PROJECT_VERSION = 1;
				GENERATE_INFOPLIST_FILE = YES;
				IPHONEOS_DEPLOYMENT_TARGET = 18.2;
				MARKETING_VERSION = 1.0;
				PRODUCT_BUNDLE_IDENTIFIER = com.purpr.GaleriaArtistasCuritibanosUITests;
				PRODUCT_NAME = "$(TARGET_NAME)";
				SWIFT_EMIT_LOC_STRINGS = NO;
				SWIFT_VERSION = 5.0;
				TARGETED_DEVICE_FAMILY = "1,2";
				TEST_HOST = "$(BUILT_PRODUCTS_DIR)/GaleriaArtistasCuritibanosUI.app/$(BUNDLE_EXECUTABLE_FOLDER_PATH)/GaleriaArtistasCuritibanosUI";
			};
			name = Release;
		};
		98BD01CA2DE4D123001843C2 /* Debug */ = {
			isa = XCBuildConfiguration;
			buildSettings = {
				CODE_SIGN_STYLE = Automatic;
				CURRENT_PROJECT_VERSION = 1;
				GENERATE_INFOPLIST_FILE = YES;
				MARKETING_VERSION = 1.0;
				PRODUCT_BUNDLE_IDENTIFIER = com.purpr.GaleriaArtistasCuritibanosUIUITests;
				PRODUCT_NAME = "$(TARGET_NAME)";
				SWIFT_EMIT_LOC_STRINGS = NO;
				SWIFT_VERSION = 5.0;
				TARGETED_DEVICE_FAMILY = "1,2";
				TEST_TARGET_NAME = GaleriaArtistasCuritibanosUI;
			};
			name = Debug;
		};
		98BD01CB2DE4D123001843C2 /* Release */ = {
			isa = XCBuildConfiguration;
			buildSettings = {
				CODE_SIGN_STYLE = Automatic;
				CURRENT_PROJECT_VERSION = 1;
				GENERATE_INFOPLIST_FILE = YES;
				MARKETING_VERSION = 1.0;
				PRODUCT_BUNDLE_IDENTIFIER = com.purpr.GaleriaArtistasCuritibanosUIUITests;
				PRODUCT_NAME = "$(TARGET_NAME)";
				SWIFT_EMIT_LOC_STRINGS = NO;
				SWIFT_VERSION = 5.0;
				TARGETED_DEVICE_FAMILY = "1,2";
				TEST_TARGET_NAME = GaleriaArtistasCuritibanosUI;
			};
			name = Release;
		};
/* End XCBuildConfiguration section */

/* Begin XCConfigurationList section */
		98BD019A2DE4D121001843C2 /* Build configuration list for PBXProject "GaleriaArtistasCuritibanosUI" */ = {
			isa = XCConfigurationList;
			buildConfigurations = (
				98BD01C12DE4D123001843C2 /* Debug */,
				98BD01C22DE4D123001843C2 /* Release */,
			);
			defaultConfigurationIsVisible = 0;
			defaultConfigurationName = Release;
		};
		98BD01C32DE4D123001843C2 /* Build configuration list for PBXNativeTarget "GaleriaArtistasCuritibanosUI" */ = {
			isa = XCConfigurationList;
			buildConfigurations = (
				98BD01C42DE4D123001843C2 /* Debug */,
				98BD01C52DE4D123001843C2 /* Release */,
			);
			defaultConfigurationIsVisible = 0;
			defaultConfigurationName = Release;
		};
		98BD01C62DE4D123001843C2 /* Build configuration list for PBXNativeTarget "GaleriaArtistasCuritibanosUITests" */ = {
			isa = XCConfigurationList;
			buildConfigurations = (
				98BD01C72DE4D123001843C2 /* Debug */,
				98BD01C82DE4D123001843C2 /* Release */,
			);
			defaultConfigurationIsVisible = 0;
			defaultConfigurationName = Release;
		};
		98BD01C92DE4D123001843C2 /* Build configuration list for PBXNativeTarget "GaleriaArtistasCuritibanosUIUITests" */ = {
			isa = XCConfigurationList;
			buildConfigurations = (
				98BD01CA2DE4D123001843C2 /* Debug */,
				98BD01CB2DE4D123001843C2 /* Release */,
			);
			defaultConfigurationIsVisible = 0;
			defaultConfigurationName = Release;
		};
/* End XCConfigurationList section */
	};
	rootObject = 98BD01972DE4D121001843C2 /* Project object */;
}
